{
  "originHash" : "297c024a381c7ced56a0bf95c95331ab9bb0e555ee1114718571877a90abc386",
  "pins" : [
    {
      "identity" : "capacitor-swift-pm",
      "kind" : "remoteSourceControl",
      "location" : "https://github.com/ionic-team/capacitor-swift-pm.git",
      "state" : {
        "revision" : "1a8565426224c0fdfaf5a7b746ab8e490bb0b67e",
        "version" : "7.4.5"
      }
    },
    {
      "identity" : "google-cast-sdk",
      "kind" : "remoteSourceControl",
      "location" : "https://github.com/SRGSSR/google-cast-sdk.git",
      "state" : {
        "revision" : "516f7111116bc412230309636842d3bbf77efdd8",
        "version" : "4.8.4"
      }
    }
  ],
  "version" : 3
}
